
Microsoft Visual Studio Solution File, Format Version 12.00
# Visual Studio Version 16
VisualStudioVersion = 16.0.30225.117
MinimumVisualStudioVersion = 10.0.40219.1
Project("{FAE04EC0-301F-11D3-BF4B-00C04F79EFBC}") = "Password.DecryptionHandler", "Password.DecryptionHandler\Password.DecryptionHandler.csproj", "{4A25CEEB-5B81-4879-910B-F730D770B24D}"
EndProject
Project("{FAE04EC0-301F-11D3-BF4B-00C04F79EFBC}") = "Password.EncryptionHandler", "Password.EncryptionHandler\Password.EncryptionHandler.csproj", "{D9EBB6E6-9BAA-4475-B77F-28865C1DFFB0}"
EndProject
Global
	GlobalSection(SolutionConfigurationPlatforms) = preSolution
		Debug|Any CPU = Debug|Any CPU
		Release|Any CPU = Release|Any CPU
	EndGlobalSection
	GlobalSection(ProjectConfigurationPlatforms) = postSolution
		{4A25CEEB-5B81-4879-910B-F730D770B24D}.Debug|Any CPU.ActiveCfg = Debug|Any CPU
		{4A25CEEB-5B81-4879-910B-F730D770B24D}.Debug|Any CPU.Build.0 = Debug|Any CPU
		{4A25CEEB-5B81-4879-910B-F730D770B24D}.Release|Any CPU.ActiveCfg = Release|Any CPU
		{4A25CEEB-5B81-4879-910B-F730D770B24D}.Release|Any CPU.Build.0 = Release|Any CPU
		{D9EBB6E6-9BAA-4475-B77F-28865C1DFFB0}.Debug|Any CPU.ActiveCfg = Debug|Any CPU
		{D9EBB6E6-9BAA-4475-B77F-28865C1DFFB0}.Debug|Any CPU.Build.0 = Debug|Any CPU
		{D9EBB6E6-9BAA-4475-B77F-28865C1DFFB0}.Release|Any CPU.ActiveCfg = Release|Any CPU
		{D9EBB6E6-9BAA-4475-B77F-28865C1DFFB0}.Release|Any CPU.Build.0 = Release|Any CPU
	EndGlobalSection
	GlobalSection(SolutionProperties) = preSolution
		HideSolutionNode = FALSE
	EndGlobalSection
	GlobalSection(ExtensibilityGlobals) = postSolution
		SolutionGuid = {D8C7E38D-0AAE-4DF0-AE4C-E78734A7758A}
	EndGlobalSection
EndGlobal
